
Microsoft Visual Studio Solution File, Format Version 11.00
# Visual Studio 2010
Project("{8BC9CEB8-8B4A-11D0-8D11-00A0C91BC942}") = "suishouji", "suishouji\suishouji.vcxproj", "{86DAE78D-095F-41DC-B925-B8ED4613F10C}"
EndProject
Project("{8BC9CEB8-8B4A-11D0-8D11-00A0C91BC942}") = "DBSDK", "DBSDK\SSJ_DB.vcxproj", "{3D04F41C-CF85-48D3-92A2-E0DE7936A442}"
EndProject
Project("{8BC9CEB8-8B4A-11D0-8D11-00A0C91BC942}") = "WORDSDK", "WORDSDK\WORDSDK.vcxproj", "{B5F8F817-E191-4CB8-B695-AB82AC87B46F}"
EndProject
Global
	GlobalSection(SolutionConfigurationPlatforms) = preSolution
		Debug|Win32 = Debug|Win32
		Release|Win32 = Release|Win32
	EndGlobalSection
	GlobalSection(ProjectConfigurationPlatforms) = postSolution
		{86DAE78D-095F-41DC-B925-B8ED4613F10C}.Debug|Win32.ActiveCfg = Release|Win32
		{86DAE78D-095F-41DC-B925-B8ED4613F10C}.Debug|Win32.Build.0 = Release|Win32
		{86DAE78D-095F-41DC-B925-B8ED4613F10C}.Release|Win32.ActiveCfg = Release|Win32
		{86DAE78D-095F-41DC-B925-B8ED4613F10C}.Release|Win32.Build.0 = Release|Win32
		{3D04F41C-CF85-48D3-92A2-E0DE7936A442}.Debug|Win32.ActiveCfg = Release|Win32
		{3D04F41C-CF85-48D3-92A2-E0DE7936A442}.Debug|Win32.Build.0 = Release|Win32
		{3D04F41C-CF85-48D3-92A2-E0DE7936A442}.Release|Win32.ActiveCfg = Release|Win32
		{3D04F41C-CF85-48D3-92A2-E0DE7936A442}.Release|Win32.Build.0 = Release|Win32
		{B5F8F817-E191-4CB8-B695-AB82AC87B46F}.Debug|Win32.ActiveCfg = Release|Win32
		{B5F8F817-E191-4CB8-B695-AB82AC87B46F}.Debug|Win32.Build.0 = Release|Win32
		{B5F8F817-E191-4CB8-B695-AB82AC87B46F}.Release|Win32.ActiveCfg = Release|Win32
		{B5F8F817-E191-4CB8-B695-AB82AC87B46F}.Release|Win32.Build.0 = Release|Win32
	EndGlobalSection
	GlobalSection(SolutionProperties) = preSolution
		HideSolutionNode = FALSE
	EndGlobalSection
EndGlobal
